// !$*UTF8*$!
{
	archiveVersion = 1;
	classes = {
	};
	objectVersion = 50;
	objects = {

/* Begin PBXBuildFile section */
		5CBF278325073F5300826F11 /* AppDelegate.swift in Sources */ = {isa = PBXBuildFile; fileRef = 5CBF278225073F5300826F11 /* AppDelegate.swift */; };
		5CBF278525073F5300826F11 /* SceneDelegate.swift in Sources */ = {isa = PBXBuildFile; fileRef = 5CBF278425073F5300826F11 /* SceneDelegate.swift */; };
		5CBF278725073F5300826F11 /* ContentView.swift in Sources */ = {isa = PBXBuildFile; fileRef = 5CBF278625073F5300826F11 /* ContentView.swift */; };
		5CBF278925073F5400826F11 /* Assets.xcassets in Resources */ = {isa = PBXBuildFile; fileRef = 5CBF278825073F5400826F11 /* Assets.xcassets */; };
		5CBF278C25073F5400826F11 /* Preview Assets.xcassets in Resources */ = {isa = PBXBuildFile; fileRef = 5CBF278B25073F5400826F11 /* Preview Assets.xcassets */; };
		5CBF278F25073F5400826F11 /* LaunchScreen.storyboard in Resources */ = {isa = PBXBuildFile; fileRef = 5CBF278D25073F5400826F11 /* LaunchScreen.storyboard */; };
		5CBF279A25073F5500826F11 /* ListViewSwiftUITests.swift in Sources */ = {isa = PBXBuildFile; fileRef = 5CBF279925073F5500826F11 /* ListViewSwiftUITests.swift */; };
		5CBF27A525073F5500826F11 /* ListViewSwiftUIUITests.swift in Sources */ = {isa = PBXBuildFile; fileRef = 5CBF27A425073F5500826F11 /* ListViewSwiftUIUITests.swift */; };
/* End PBXBuildFile section */

/* Begin PBXContainerItemProxy section */
		5CBF279625073F5500826F11 /* PBXContainerItemProxy */ = {
			isa = PBXContainerItemProxy;
			containerPortal = 5CBF277725073F5300826F11 /* Project object */;
			proxyType = 1;
			remoteGlobalIDString = 5CBF277E25073F5300826F11;
			remoteInfo = ListViewSwiftUI;
		};
		5CBF27A125073F5500826F11 /* PBXContainerItemProxy */ = {
			isa = PBXContainerItemProxy;
			containerPortal = 5CBF277725073F5300826F11 /* Project object */;
			proxyType = 1;
			remoteGlobalIDString = 5CBF277E25073F5300826F11;
			remoteInfo = ListViewSwiftUI;
		};
/* End PBXContainerItemProxy section */

/* Begin PBXFileReference section */
		5CBF277F25073F5300826F11 /* ListViewSwiftUI.app */ = {isa = PBXFileReference; explicitFileType = wrapper.application; includeInIndex = 0; path = ListViewSwiftUI.app; sourceTree = BUILT_PRODUCTS_DIR; };
		5CBF278225073F5300826F11 /* AppDelegate.swift */ = {isa = PBXFileReference; lastKnownFileType = sourcecode.swift; path = AppDelegate.swift; sourceTree = "<group>"; };
		5CBF278425073F5300826F11 /* SceneDelegate.swift */ = {isa = PBXFileReference; lastKnownFileType = sourcecode.swift; path = SceneDelegate.swift; sourceTree = "<group>"; };
		5CBF278625073F5300826F11 /* ContentView.swift */ = {isa = PBXFileReference; lastKnownFileType = sourcecode.swift; path = ContentView.swift; sourceTree = "<group>"; };
		5CBF278825073F5400826F11 /* Assets.xcassets */ = {isa = PBXFileReference; lastKnownFileType = folder.assetcatalog; path = Assets.xcassets; sourceTree = "<group>"; };
		5CBF278B25073F5400826F11 /* Preview Assets.xcassets */ = {isa = PBXFileReference; lastKnownFileType = folder.assetcatalog; path = "Preview Assets.xcassets"; sourceTree = "<group>"; };
		5CBF278E25073F5400826F11 /* Base */ = {isa = PBXFileReference; lastKnownFileType = file.storyboard; name = Base; path = Base.lproj/LaunchScreen.storyboard; sourceTree = "<group>"; };
		5CBF279025073F5400826F11 /* Info.plist */ = {isa = PBXFileReference; lastKnownFileType = text.plist.xml; path = Info.plist; sourceTree = "<group>"; };
		5CBF279525073F5500826F11 /* ListViewSwiftUITests.xctest */ = {isa = PBXFileReference; explicitFileType = wrapper.cfbundle; includeInIndex = 0; path = ListViewSwiftUITests.xctest; sourceTree = BUILT_PRODUCTS_DIR; };
		5CBF279925073F5500826F11 /* ListViewSwiftUITests.swift */ = {isa = PBXFileReference; lastKnownFileType = sourcecode.swift; path = ListViewSwiftUITests.swift; sourceTree = "<group>"; };
		5CBF279B25073F5500826F11 /* Info.plist */ = {isa = PBXFileReference; lastKnownFileType = text.plist.xml; path = Info.plist; sourceTree = "<group>"; };
		5CBF27A025073F5500826F11 /* ListViewSwiftUIUITests.xctest */ = {isa = PBXFileReference; explicitFileType = wrapper.cfbundle; includeInIndex = 0; path = ListViewSwiftUIUITests.xctest; sourceTree = BUILT_PRODUCTS_DIR; };
		5CBF27A425073F5500826F11 /* ListViewSwiftUIUITests.swift */ = {isa = PBXFileReference; lastKnownFileType = sourcecode.swift; path = ListViewSwiftUIUITests.swift; sourceTree = "<group>"; };
		5CBF27A625073F5500826F11 /* Info.plist */ = {isa = PBXFileReference; lastKnownFileType = text.plist.xml; path = Info.plist; sourceTree = "<group>"; };
/* End PBXFileReference section */

/* Begin PBXFrameworksBuildPhase section */
		5CBF277C25073F5300826F11 /* Frameworks */ = {
			isa = PBXFrameworksBuildPhase;
			buildActionMask = 2147483647;
			files = (
			);
			runOnlyForDeploymentPostprocessing = 0;
		};
		5CBF279225073F5500826F11 /* Frameworks */ = {
			isa = PBXFrameworksBuildPhase;
			buildActionMask = 2147483647;
			files = (
			);
			runOnlyForDeploymentPostprocessing = 0;
		};
		5CBF279D25073F5500826F11 /* Frameworks */ = {
			isa = PBXFrameworksBuildPhase;
			buildActionMask = 2147483647;
			files = (
			);
			runOnlyForDeploymentPostprocessing = 0;
		};
/* End PBXFrameworksBuildPhase section */

/* Begin PBXGroup section */
		5CBF277625073F5300826F11 = {
			isa = PBXGroup;
			children = (
				5CBF278125073F5300826F11 /* ListViewSwiftUI */,
				5CBF279825073F5500826F11 /* ListViewSwiftUITests */,
				5CBF27A325073F5500826F11 /* ListViewSwiftUIUITests */,
				5CBF278025073F5300826F11 /* Products */,
			);
			sourceTree = "<group>";
		};
		5CBF278025073F5300826F11 /* Products */ = {
			isa = PBXGroup;
			children = (
				5CBF277F25073F5300826F11 /* ListViewSwiftUI.app */,
				5CBF279525073F5500826F11 /* ListViewSwiftUITests.xctest */,
				5CBF27A025073F5500826F11 /* ListViewSwiftUIUITests.xctest */,
			);
			name = Products;
			sourceTree = "<group>";
		};
		5CBF278125073F5300826F11 /* ListViewSwiftUI */ = {
			isa = PBXGroup;
			children = (
				5CBF278225073F5300826F11 /* AppDelegate.swift */,
				5CBF278425073F5300826F11 /* SceneDelegate.swift */,
				5CBF278625073F5300826F11 /* ContentView.swift */,
				5CBF278825073F5400826F11 /* Assets.xcassets */,
				5CBF278D25073F5400826F11 /* LaunchScreen.storyboard */,
				5CBF279025073F5400826F11 /* Info.plist */,
				5CBF278A25073F5400826F11 /* Preview Content */,
			);
			path = ListViewSwiftUI;
			sourceTree = "<group>";
		};
		5CBF278A25073F5400826F11 /* Preview Content */ = {
			isa = PBXGroup;
			children = (
				5CBF278B25073F5400826F11 /* Preview Assets.xcassets */,
			);
			path = "Preview Content";
			sourceTree = "<group>";
		};
		5CBF279825073F5500826F11 /* ListViewSwiftUITests */ = {
			isa = PBXGroup;
			children = (
				5CBF279925073F5500826F11 /* ListViewSwiftUITests.swift */,
				5CBF279B25073F5500826F11 /* Info.plist */,
			);
			path = ListViewSwiftUITests;
			sourceTree = "<group>";
		};
		5CBF27A325073F5500826F11 /* ListViewSwiftUIUITests */ = {
			isa = PBXGroup;
			children = (
				5CBF27A425073F5500826F11 /* ListViewSwiftUIUITests.swift */,
				5CBF27A625073F5500826F11 /* Info.plist */,
			);
			path = ListViewSwiftUIUITests;
			sourceTree = "<group>";
		};
/* End PBXGroup section */

/* Begin PBXNativeTarget section */
		5CBF277E25073F5300826F11 /* ListViewSwiftUI */ = {
			isa = PBXNativeTarget;
			buildConfigurationList = 5CBF27A925073F5500826F11 /* Build configuration list for PBXNativeTarget "ListViewSwiftUI" */;
			buildPhases = (
				5CBF277B25073F5300826F11 /* Sources */,
				5CBF277C25073F5300826F11 /* Frameworks */,
				5CBF277D25073F5300826F11 /* Resources */,
			);
			buildRules = (
			);
			dependencies = (
			);
			name = ListViewSwiftUI;
			productName = ListViewSwiftUI;
			productReference = 5CBF277F25073F5300826F11 /* ListViewSwiftUI.app */;
			productType = "com.apple.product-type.application";
		};
		5CBF279425073F5500826F11 /* ListViewSwiftUITests */ = {
			isa = PBXNativeTarget;
			buildConfigurationList = 5CBF27AC25073F5500826F11 /* Build configuration list for PBXNativeTarget "ListViewSwiftUITests" */;
			buildPhases = (
				5CBF279125073F5500826F11 /* Sources */,
				5CBF279225073F5500826F11 /* Frameworks */,
				5CBF279325073F5500826F11 /* Resources */,
			);
			buildRules = (
			);
			dependencies = (
				5CBF279725073F5500826F11 /* PBXTargetDependency */,
			);
			name = ListViewSwiftUITests;
			productName = ListViewSwiftUITests;
			productReference = 5CBF279525073F5500826F11 /* ListViewSwiftUITests.xctest */;
			productType = "com.apple.product-type.bundle.unit-test";
		};
		5CBF279F25073F5500826F11 /* ListViewSwiftUIUITests */ = {
			isa = PBXNativeTarget;
			buildConfigurationList = 5CBF27AF25073F5500826F11 /* Build configuration list for PBXNativeTarget "ListViewSwiftUIUITests" */;
			buildPhases = (
				5CBF279C25073F5500826F11 /* Sources */,
				5CBF279D25073F5500826F11 /* Frameworks */,
				5CBF279E25073F5500826F11 /* Resources */,
			);
			buildRules = (
			);
			dependencies = (
				5CBF27A225073F5500826F11 /* PBXTargetDependency */,
			);
			name = ListViewSwiftUIUITests;
			productName = ListViewSwiftUIUITests;
			productReference = 5CBF27A025073F5500826F11 /* ListViewSwiftUIUITests.xctest */;
			productType = "com.apple.product-type.bundle.ui-testing";
		};
/* End PBXNativeTarget section */

/* Begin PBXProject section */
		5CBF277725073F5300826F11 /* Project object */ = {
			isa = PBXProject;
			attributes = {
				LastSwiftUpdateCheck = 1150;
				LastUpgradeCheck = 1150;
				ORGANIZATIONNAME = "Shreyas Vilaschandra Bhike";
				TargetAttributes = {
					5CBF277E25073F5300826F11 = {
						CreatedOnToolsVersion = 11.5;
					};
					5CBF279425073F5500826F11 = {
						CreatedOnToolsVersion = 11.5;
						TestTargetID = 5CBF277E25073F5300826F11;
					};
					5CBF279F25073F5500826F11 = {
						CreatedOnToolsVersion = 11.5;
						TestTargetID = 5CBF277E25073F5300826F11;
					};
				};
			};
			buildConfigurationList = 5CBF277A25073F5300826F11 /* Build configuration list for PBXProject "ListViewSwiftUI" */;
			compatibilityVersion = "Xcode 9.3";
			developmentRegion = en;
			hasScannedForEncodings = 0;
			knownRegions = (
				en,
				Base,
			);
			mainGroup = 5CBF277625073F5300826F11;
			productRefGroup = 5CBF278025073F5300826F11 /* Products */;
			projectDirPath = "";
			projectRoot = "";
			targets = (
				5CBF277E25073F5300826F11 /* ListViewSwiftUI */,
				5CBF279425073F5500826F11 /* ListViewSwiftUITests */,
				5CBF279F25073F5500826F11 /* ListViewSwiftUIUITests */,
			);
		};
/* End PBXProject section */

/* Begin PBXResourcesBuildPhase section */
		5CBF277D25073F5300826F11 /* Resources */ = {
			isa = PBXResourcesBuildPhase;
			buildActionMask = 2147483647;
			files = (
				5CBF278F25073F5400826F11 /* LaunchScreen.storyboard in Resources */,
				5CBF278C25073F5400826F11 /* Preview Assets.xcassets in Resources */,
				5CBF278925073F5400826F11 /* Assets.xcassets in Resources */,
			);
			runOnlyForDeploymentPostprocessing = 0;
		};
		5CBF279325073F5500826F11 /* Resources */ = {
			isa = PBXResourcesBuildPhase;
			buildActionMask = 2147483647;
			files = (
			);
			runOnlyForDeploymentPostprocessing = 0;
		};
		5CBF279E25073F5500826F11 /* Resources */ = {
			isa = PBXResourcesBuildPhase;
			buildActionMask = 2147483647;
			files = (
			);
			runOnlyForDeploymentPostprocessing = 0;
		};
/* End PBXResourcesBuildPhase section */

/* Begin PBXSourcesBuildPhase section */
		5CBF277B25073F5300826F11 /* Sources */ = {
			isa = PBXSourcesBuildPhase;
			buildActionMask = 2147483647;
			files = (
				5CBF278325073F5300826F11 /* AppDelegate.swift in Sources */,
				5CBF278525073F5300826F11 /* SceneDelegate.swift in Sources */,
				5CBF278725073F5300826F11 /* ContentView.swift in Sources */,
			);
			runOnlyForDeploymentPostprocessing = 0;
		};
		5CBF279125073F5500826F11 /* Sources */ = {
			isa = PBXSourcesBuildPhase;
			buildActionMask = 2147483647;
			files = (
				5CBF279A25073F5500826F11 /* ListViewSwiftUITests.swift in Sources */,
			);
			runOnlyForDeploymentPostprocessing = 0;
		};
		5CBF279C25073F5500826F11 /* Sources */ = {
			isa = PBXSourcesBuildPhase;
			buildActionMask = 2147483647;
			files = (
				5CBF27A525073F5500826F11 /* ListViewSwiftUIUITests.swift in Sources */,
			);
			runOnlyForDeploymentPostprocessing = 0;
		};
/* End PBXSourcesBuildPhase section */

/* Begin PBXTargetDependency section */
		5CBF279725073F5500826F11 /* PBXTargetDependency */ = {
			isa = PBXTargetDependency;
			target = 5CBF277E25073F5300826F11 /* ListViewSwiftUI */;
			targetProxy = 5CBF279625073F5500826F11 /* PBXContainerItemProxy */;
		};
		5CBF27A225073F5500826F11 /* PBXTargetDependency */ = {
			isa = PBXTargetDependency;
			target = 5CBF277E25073F5300826F11 /* ListViewSwiftUI */;
			targetProxy = 5CBF27A125073F5500826F11 /* PBXContainerItemProxy */;
		};
/* End PBXTargetDependency section */

/* Begin PBXVariantGroup section */
		5CBF278D25073F5400826F11 /* LaunchScreen.storyboard */ = {
			isa = PBXVariantGroup;
			children = (
				5CBF278E25073F5400826F11 /* Base */,
			);
			name = LaunchScreen.storyboard;
			sourceTree = "<group>";
		};
/* End PBXVariantGroup section */

/* Begin XCBuildConfiguration section */
		5CBF27A725073F5500826F11 /* Debug */ = {
			isa = XCBuildConfiguration;
			buildSettings = {
				ALWAYS_SEARCH_USER_PATHS = NO;
				CLANG_ANALYZER_NONNULL = YES;
				CLANG_ANALYZER_NUMBER_OBJECT_CONVERSION = YES_AGGRESSIVE;
				CLANG_CXX_LANGUAGE_STANDARD = "gnu++14";
				CLANG_CXX_LIBRARY = "libc++";
				CLANG_ENABLE_MODULES = YES;
				CLANG_ENABLE_OBJC_ARC = YES;
				CLANG_ENABLE_OBJC_WEAK = YES;
				CLANG_WARN_BLOCK_CAPTURE_AUTORELEASING = YES;
				CLANG_WARN_BOOL_CONVERSION = YES;
				CLANG_WARN_COMMA = YES;
				CLANG_WARN_CONSTANT_CONVERSION = YES;
				CLANG_WARN_DEPRECATED_OBJC_IMPLEMENTATIONS = YES;
				CLANG_WARN_DIRECT_OBJC_ISA_USAGE = YES_ERROR;
				CLANG_WARN_DOCUMENTATION_COMMENTS = YES;
				CLANG_WARN_EMPTY_BODY = YES;
				CLANG_WARN_ENUM_CONVERSION = YES;
				CLANG_WARN_INFINITE_RECURSION = YES;
				CLANG_WARN_INT_CONVERSION = YES;
				CLANG_WARN_NON_LITERAL_NULL_CONVERSION = YES;
				CLANG_WARN_OBJC_IMPLICIT_RETAIN_SELF = YES;
				CLANG_WARN_OBJC_LITERAL_CONVERSION = YES;
				CLANG_WARN_OBJC_ROOT_CLASS = YES_ERROR;
				CLANG_WARN_RANGE_LOOP_ANALYSIS = YES;
				CLANG_WARN_STRICT_PROTOTYPES = YES;
				CLANG_WARN_SUSPICIOUS_MOVE = YES;
				CLANG_WARN_UNGUARDED_AVAILABILITY = YES_AGGRESSIVE;
				CLANG_WARN_UNREACHABLE_CODE = YES;
				CLANG_WARN__DUPLICATE_METHOD_MATCH = YES;
				COPY_PHASE_STRIP = NO;
				DEBUG_INFORMATION_FORMAT = dwarf;
				ENABLE_STRICT_OBJC_MSGSEND = YES;
				ENABLE_TESTABILITY = YES;
				GCC_C_LANGUAGE_STANDARD = gnu11;
				GCC_DYNAMIC_NO_PIC = NO;
				GCC_NO_COMMON_BLOCKS = YES;
				GCC_OPTIMIZATION_LEVEL = 0;
				GCC_PREPROCESSOR_DEFINITIONS = (
					"DEBUG=1",
					"$(inherited)",
				);
				GCC_WARN_64_TO_32_BIT_CONVERSION = YES;
				GCC_WARN_ABOUT_RETURN_TYPE = YES_ERROR;
				GCC_WARN_UNDECLARED_SELECTOR = YES;
				GCC_WARN_UNINITIALIZED_AUTOS = YES_AGGRESSIVE;
				GCC_WARN_UNUSED_FUNCTION = YES;
				GCC_WARN_UNUSED_VARIABLE = YES;
				IPHONEOS_DEPLOYMENT_TARGET = 13.5;
				MTL_ENABLE_DEBUG_INFO = INCLUDE_SOURCE;
				MTL_FAST_MATH = YES;
				ONLY_ACTIVE_ARCH = YES;
				SDKROOT = iphoneos;
				SWIFT_ACTIVE_COMPILATION_CONDITIONS = DEBUG;
				SWIFT_OPTIMIZATION_LEVEL = "-Onone";
			};
			name = Debug;
		};
		5CBF27A825073F5500826F11 /* Release */ = {
			isa = XCBuildConfiguration;
			buildSettings = {
				ALWAYS_SEARCH_USER_PATHS = NO;
				CLANG_ANALYZER_NONNULL = YES;
				CLANG_ANALYZER_NUMBER_OBJECT_CONVERSION = YES_AGGRESSIVE;
				CLANG_CXX_LANGUAGE_STANDARD = "gnu++14";
				CLANG_CXX_LIBRARY = "libc++";
				CLANG_ENABLE_MODULES = YES;
				CLANG_ENABLE_OBJC_ARC = YES;
				CLANG_ENABLE_OBJC_WEAK = YES;
				CLANG_WARN_BLOCK_CAPTURE_AUTORELEASING = YES;
				CLANG_WARN_BOOL_CONVERSION = YES;
				CLANG_WARN_COMMA = YES;
				CLANG_WARN_CONSTANT_CONVERSION = YES;
				CLANG_WARN_DEPRECATED_OBJC_IMPLEMENTATIONS = YES;
				CLANG_WARN_DIRECT_OBJC_ISA_USAGE = YES_ERROR;
				CLANG_WARN_DOCUMENTATION_COMMENTS = YES;
				CLANG_WARN_EMPTY_BODY = YES;
				CLANG_WARN_ENUM_CONVERSION = YES;
				CLANG_WARN_INFINITE_RECURSION = YES;
				CLANG_WARN_INT_CONVERSION = YES;
				CLANG_WARN_NON_LITERAL_NULL_CONVERSION = YES;
				CLANG_WARN_OBJC_IMPLICIT_RETAIN_SELF = YES;
				CLANG_WARN_OBJC_LITERAL_CONVERSION = YES;
				CLANG_WARN_OBJC_ROOT_CLASS = YES_ERROR;
				CLANG_WARN_RANGE_LOOP_ANALYSIS = YES;
				CLANG_WARN_STRICT_PROTOTYPES = YES;
				CLANG_WARN_SUSPICIOUS_MOVE = YES;
				CLANG_WARN_UNGUARDED_AVAILABILITY = YES_AGGRESSIVE;
				CLANG_WARN_UNREACHABLE_CODE = YES;
				CLANG_WARN__DUPLICATE_METHOD_MATCH = YES;
				COPY_PHASE_STRIP = NO;
				DEBUG_INFORMATION_FORMAT = "dwarf-with-dsym";
				ENABLE_NS_ASSERTIONS = NO;
				ENABLE_STRICT_OBJC_MSGSEND = YES;
				GCC_C_LANGUAGE_STANDARD = gnu11;
				GCC_NO_COMMON_BLOCKS = YES;
				GCC_WARN_64_TO_32_BIT_CONVERSION = YES;
				GCC_WARN_ABOUT_RETURN_TYPE = YES_ERROR;
				GCC_WARN_UNDECLARED_SELECTOR = YES;
				GCC_WARN_UNINITIALIZED_AUTOS = YES_AGGRESSIVE;
				GCC_WARN_UNUSED_FUNCTION = YES;
				GCC_WARN_UNUSED_VARIABLE = YES;
				IPHONEOS_DEPLOYMENT_TARGET = 13.5;
				MTL_ENABLE_DEBUG_INFO = NO;
				MTL_FAST_MATH = YES;
				SDKROOT = iphoneos;
				SWIFT_COMPILATION_MODE = wholemodule;
				SWIFT_OPTIMIZATION_LEVEL = "-O";
				VALIDATE_PRODUCT = YES;
			};
			name = Release;
		};
		5CBF27AA25073F5500826F11 /* Debug */ = {
			isa = XCBuildConfiguration;
			buildSettings = {
				ASSETCATALOG_COMPILER_APPICON_NAME = AppIcon;
				CODE_SIGN_STYLE = Automatic;
				DEVELOPMENT_ASSET_PATHS = "\"ListViewSwiftUI/Preview Content\"";
				ENABLE_PREVIEWS = YES;
				INFOPLIST_FILE = ListViewSwiftUI/Info.plist;
				LD_RUNPATH_SEARCH_PATHS = (
					"$(inherited)",
					"@executable_path/Frameworks",
				);
				PRODUCT_BUNDLE_IDENTIFIER = com.shreyasvilaschandrabhike.ListViewSwiftUI;
				PRODUCT_NAME = "$(TARGET_NAME)";
				SWIFT_VERSION = 5.0;
				TARGETED_DEVICE_FAMILY = "1,2";
			};
			name = Debug;
		};
		5CBF27AB25073F5500826F11 /* Release */ = {
			isa = XCBuildConfiguration;
			buildSettings = {
				ASSETCATALOG_COMPILER_APPICON_NAME = AppIcon;
				CODE_SIGN_STYLE = Automatic;
				DEVELOPMENT_ASSET_PATHS = "\"ListViewSwiftUI/Preview Content\"";
				ENABLE_PREVIEWS = YES;
				INFOPLIST_FILE = ListViewSwiftUI/Info.plist;
				LD_RUNPATH_SEARCH_PATHS = (
					"$(inherited)",
					"@executable_path/Frameworks",
				);
				PRODUCT_BUNDLE_IDENTIFIER = com.shreyasvilaschandrabhike.ListViewSwiftUI;
				PRODUCT_NAME = "$(TARGET_NAME)";
				SWIFT_VERSION = 5.0;
				TARGETED_DEVICE_FAMILY = "1,2";
			};
			name = Release;
		};
		5CBF27AD25073F5500826F11 /* Debug */ = {
			isa = XCBuildConfiguration;
			buildSettings = {
				ALWAYS_EMBED_SWIFT_STANDARD_LIBRARIES = YES;
				BUNDLE_LOADER = "$(TEST_HOST)";
				CODE_SIGN_STYLE = Automatic;
				INFOPLIST_FILE = ListViewSwiftUITests/Info.plist;
				IPHONEOS_DEPLOYMENT_TARGET = 13.5;
				LD_RUNPATH_SEARCH_PATHS = (
					"$(inherited)",
					"@executable_path/Frameworks",
					"@loader_path/Frameworks",
				);
				PRODUCT_BUNDLE_IDENTIFIER = com.shreyasvilaschandrabhike.ListViewSwiftUITests;
				PRODUCT_NAME = "$(TARGET_NAME)";
				SWIFT_VERSION = 5.0;
				TARGETED_DEVICE_FAMILY = "1,2";
				TEST_HOST = "$(BUILT_PRODUCTS_DIR)/ListViewSwiftUI.app/ListViewSwiftUI";
			};
			name = Debug;
		};
		5CBF27AE25073F5500826F11 /* Release */ = {
			isa = XCBuildConfiguration;
			buildSettings = {
				ALWAYS_EMBED_SWIFT_STANDARD_LIBRARIES = YES;
				BUNDLE_LOADER = "$(TEST_HOST)";
				CODE_SIGN_STYLE = Automatic;
				INFOPLIST_FILE = ListViewSwiftUITests/Info.plist;
				IPHONEOS_DEPLOYMENT_TARGET = 13.5;
				LD_RUNPATH_SEARCH_PATHS = (
					"$(inherited)",
					"@executable_path/Frameworks",
					"@loader_path/Frameworks",
				);
				PRODUCT_BUNDLE_IDENTIFIER = com.shreyasvilaschandrabhike.ListViewSwiftUITests;
				PRODUCT_NAME = "$(TARGET_NAME)";
				SWIFT_VERSION = 5.0;
				TARGETED_DEVICE_FAMILY = "1,2";
				TEST_HOST = "$(BUILT_PRODUCTS_DIR)/ListViewSwiftUI.app/ListViewSwiftUI";
			};
			name = Release;
		};
		5CBF27B025073F5500826F11 /* Debug */ = {
			isa = XCBuildConfiguration;
			buildSettings = {
				ALWAYS_EMBED_SWIFT_STANDARD_LIBRARIES = YES;
				CODE_SIGN_STYLE = Automatic;
				INFOPLIST_FILE = ListViewSwiftUIUITests/Info.plist;
				LD_RUNPATH_SEARCH_PATHS = (
					"$(inherited)",
					"@executable_path/Frameworks",
					"@loader_path/Frameworks",
				);
				PRODUCT_BUNDLE_IDENTIFIER = com.shreyasvilaschandrabhike.ListViewSwiftUIUITests;
				PRODUCT_NAME = "$(TARGET_NAME)";
				SWIFT_VERSION = 5.0;
				TARGETED_DEVICE_FAMILY = "1,2";
				TEST_TARGET_NAME = ListViewSwiftUI;
			};
			name = Debug;
		};
		5CBF27B125073F5500826F11 /* Release */ = {
			isa = XCBuildConfiguration;
			buildSettings = {
				ALWAYS_EMBED_SWIFT_STANDARD_LIBRARIES = YES;
				CODE_SIGN_STYLE = Automatic;
				INFOPLIST_FILE = ListViewSwiftUIUITests/Info.plist;
				LD_RUNPATH_SEARCH_PATHS = (
					"$(inherited)",
					"@executable_path/Frameworks",
					"@loader_path/Frameworks",
				);
				PRODUCT_BUNDLE_IDENTIFIER = com.shreyasvilaschandrabhike.ListViewSwiftUIUITests;
				PRODUCT_NAME = "$(TARGET_NAME)";
				SWIFT_VERSION = 5.0;
				TARGETED_DEVICE_FAMILY = "1,2";
				TEST_TARGET_NAME = ListViewSwiftUI;
			};
			name = Release;
		};
/* End XCBuildConfiguration section */

/* Begin XCConfigurationList section */
		5CBF277A25073F5300826F11 /* Build configuration list for PBXProject "ListViewSwiftUI" */ = {
			isa = XCConfigurationList;
			buildConfigurations = (
				5CBF27A725073F5500826F11 /* Debug */,
				5CBF27A825073F5500826F11 /* Release */,
			);
			defaultConfigurationIsVisible = 0;
			defaultConfigurationName = Release;
		};
		5CBF27A925073F5500826F11 /* Build configuration list for PBXNativeTarget "ListViewSwiftUI" */ = {
			isa = XCConfigurationList;
			buildConfigurations = (
				5CBF27AA25073F5500826F11 /* Debug */,
				5CBF27AB25073F5500826F11 /* Release */,
			);
			defaultConfigurationIsVisible = 0;
			defaultConfigurationName = Release;
		};
		5CBF27AC25073F5500826F11 /* Build configuration list for PBXNativeTarget "ListViewSwiftUITests" */ = {
			isa = XCConfigurationList;
			buildConfigurations = (
				5CBF27AD25073F5500826F11 /* Debug */,
				5CBF27AE25073F5500826F11 /* Release */,
			);
			defaultConfigurationIsVisible = 0;
			defaultConfigurationName = Release;
		};
		5CBF27AF25073F5500826F11 /* Build configuration list for PBXNativeTarget "ListViewSwiftUIUITests" */ = {
			isa = XCConfigurationList;
			buildConfigurations = (
				5CBF27B025073F5500826F11 /* Debug */,
				5CBF27B125073F5500826F11 /* Release */,
			);
			defaultConfigurationIsVisible = 0;
			defaultConfigurationName = Release;
		};
/* End XCConfigurationList section */
	};
	rootObject = 5CBF277725073F5300826F11 /* Project object */;
}
